
Microsoft Visual Studio Solution File, Format Version 12.00
# Visual Studio Version 17
VisualStudioVersion = 17.9.34622.214
MinimumVisualStudioVersion = 10.0.40219.1
Project("{FAE04EC0-301F-11D3-BF4B-00C04F79EFBC}") = "VaccinationApp", "VaccinationApp\VaccinationApp.csproj", "{629D00E1-48EC-4DBF-8872-EC40323E0ACD}"
EndProject
Global
	GlobalSection(SolutionConfigurationPlatforms) = preSolution
		Debug|Any CPU = Debug|Any CPU
		Release|Any CPU = Release|Any CPU
	EndGlobalSection
	GlobalSection(ProjectConfigurationPlatforms) = postSolution
		{629D00E1-48EC-4DBF-8872-EC40323E0ACD}.Debug|Any CPU.ActiveCfg = Debug|Any CPU
		{629D00E1-48EC-4DBF-8872-EC40323E0ACD}.Debug|Any CPU.Build.0 = Debug|Any CPU
		{629D00E1-48EC-4DBF-8872-EC40323E0ACD}.Release|Any CPU.ActiveCfg = Release|Any CPU
		{629D00E1-48EC-4DBF-8872-EC40323E0ACD}.Release|Any CPU.Build.0 = Release|Any CPU
	EndGlobalSection
	GlobalSection(SolutionProperties) = preSolution
		HideSolutionNode = FALSE
	EndGlobalSection
	GlobalSection(ExtensibilityGlobals) = postSolution
		SolutionGuid = {23B4B491-C8F3-4C95-87D2-BA6FF9CA117A}
	EndGlobalSection
EndGlobal
