
Microsoft Visual Studio Solution File, Format Version 12.00
# Visual Studio Version 17
VisualStudioVersion = 17.11.35312.102
MinimumVisualStudioVersion = 10.0.40219.1
Project("{FAE04EC0-301F-11D3-BF4B-00C04F79EFBC}") = "vtor_kolokvium", "vtor_kolokvium\vtor_kolokvium.csproj", "{3A1810BD-2B5D-48A2-ADC6-2E5004CA9ADC}"
EndProject
Global
	GlobalSection(SolutionConfigurationPlatforms) = preSolution
		Debug|Any CPU = Debug|Any CPU
		Release|Any CPU = Release|Any CPU
	EndGlobalSection
	GlobalSection(ProjectConfigurationPlatforms) = postSolution
		{3A1810BD-2B5D-48A2-ADC6-2E5004CA9ADC}.Debug|Any CPU.ActiveCfg = Debug|Any CPU
		{3A1810BD-2B5D-48A2-ADC6-2E5004CA9ADC}.Debug|Any CPU.Build.0 = Debug|Any CPU
		{3A1810BD-2B5D-48A2-ADC6-2E5004CA9ADC}.Release|Any CPU.ActiveCfg = Release|Any CPU
		{3A1810BD-2B5D-48A2-ADC6-2E5004CA9ADC}.Release|Any CPU.Build.0 = Release|Any CPU
	EndGlobalSection
	GlobalSection(SolutionProperties) = preSolution
		HideSolutionNode = FALSE
	EndGlobalSection
	GlobalSection(ExtensibilityGlobals) = postSolution
		SolutionGuid = {17EA7ED2-34F2-48FD-99F3-E38118CC7E73}
	EndGlobalSection
EndGlobal
