
Microsoft Visual Studio Solution File, Format Version 12.00
# Visual Studio Version 17
VisualStudioVersion = 17.9.34701.34
MinimumVisualStudioVersion = 10.0.40219.1
Project("{FAE04EC0-301F-11D3-BF4B-00C04F79EFBC}") = "aud_kolokviumska", "aud_kolokviumska\aud_kolokviumska.csproj", "{5E194FCC-5DBC-45BA-B05D-B9E8C685D611}"
EndProject
Global
	GlobalSection(SolutionConfigurationPlatforms) = preSolution
		Debug|Any CPU = Debug|Any CPU
		Release|Any CPU = Release|Any CPU
	EndGlobalSection
	GlobalSection(ProjectConfigurationPlatforms) = postSolution
		{5E194FCC-5DBC-45BA-B05D-B9E8C685D611}.Debug|Any CPU.ActiveCfg = Debug|Any CPU
		{5E194FCC-5DBC-45BA-B05D-B9E8C685D611}.Debug|Any CPU.Build.0 = Debug|Any CPU
		{5E194FCC-5DBC-45BA-B05D-B9E8C685D611}.Release|Any CPU.ActiveCfg = Release|Any CPU
		{5E194FCC-5DBC-45BA-B05D-B9E8C685D611}.Release|Any CPU.Build.0 = Release|Any CPU
	EndGlobalSection
	GlobalSection(SolutionProperties) = preSolution
		HideSolutionNode = FALSE
	EndGlobalSection
	GlobalSection(ExtensibilityGlobals) = postSolution
		SolutionGuid = {8DFD1293-3953-48F6-B665-09C68B143881}
	EndGlobalSection
EndGlobal
