
Microsoft Visual Studio Solution File, Format Version 12.00
# Visual Studio Version 17
VisualStudioVersion = 17.9.34701.34
MinimumVisualStudioVersion = 10.0.40219.1
Project("{FAE04EC0-301F-11D3-BF4B-00C04F79EFBC}") = "lab2B", "lab2B\lab2B.csproj", "{F057A8E3-4B8C-41D1-B361-F30C1B6E2E1F}"
EndProject
Global
	GlobalSection(SolutionConfigurationPlatforms) = preSolution
		Debug|Any CPU = Debug|Any CPU
		Release|Any CPU = Release|Any CPU
	EndGlobalSection
	GlobalSection(ProjectConfigurationPlatforms) = postSolution
		{F057A8E3-4B8C-41D1-B361-F30C1B6E2E1F}.Debug|Any CPU.ActiveCfg = Debug|Any CPU
		{F057A8E3-4B8C-41D1-B361-F30C1B6E2E1F}.Debug|Any CPU.Build.0 = Debug|Any CPU
		{F057A8E3-4B8C-41D1-B361-F30C1B6E2E1F}.Release|Any CPU.ActiveCfg = Release|Any CPU
		{F057A8E3-4B8C-41D1-B361-F30C1B6E2E1F}.Release|Any CPU.Build.0 = Release|Any CPU
	EndGlobalSection
	GlobalSection(SolutionProperties) = preSolution
		HideSolutionNode = FALSE
	EndGlobalSection
	GlobalSection(ExtensibilityGlobals) = postSolution
		SolutionGuid = {D4EAB156-F65C-4B70-A5DF-15DE50897D2D}
	EndGlobalSection
EndGlobal
